# This file was autogenerated by Stack.
# You should not edit this file by hand.
# For more information, please see the documentation at:
#   https://docs.haskellstack.org/en/stable/lock_files

packages:
- completed:
    pantry-tree:
      sha256: 68dc4a17a46b31782b7147969ac721a2d2c397b4353dbc5606c450686597f522
      size: 2398
    hackage: criterion-1.6.0.0@sha256:76280dace017fe1fab4dae35d57992a48e70a3cfcdb2a4563923cd2502a7268c,5403
  original:
    hackage: criterion-1.6.0.0
- completed:
    pantry-tree:
      sha256: ca5784038346b104cfc403bf48e8e78ab5b4afcbb0addbc01f9d67a74503714d
      size: 726
    hackage: criterion-measurement-0.2.0.0@sha256:8c6127b22a53aebc7d5a9dbf8fd870f128b93be3069fe7fed969e4c253cd9626,2121
  original:
    hackage: criterion-measurement-0.2.0.0
snapshots:
- completed:
    sha256: 656fa7a1ff5ddd147cce5a0aabd6fd70255f2ac60fd1294a1228b00a19b1731f
    size: 628888
    url: https://raw.githubusercontent.com/commercialhaskell/stackage-snapshots/master/nightly/2022/8/4.yaml
  original: nightly-2022-08-04
